{
    "version": "0.5",
    "requires": [
        "zlib/1.3.2#1cb806da49011867778ffb6ac7190fcb%1777558780.503",
        "xz_utils/5.8.3#1c33f55b0ab570fbdcdf4d440236cb98%1788262558.608",
        "vtk/9.5.0@aoi/stable#874939a894f72fb87de3f9efa5714a22%1789379197.4577358",
        "taskflow/3.8.0#7e2f23825d0b0bca42d0c718450b2bb2%1727958558.196",
        "sqlite3/3.53.4#89fcf5cda598966acb7f3e185b19c58d%1785239491.603",
        "spdlog/1.15.1#92e99f07f134481bce4b70c1a41060e7%1738512735.307",
        "qt/6.8.3#df4192f9d91a5ad09f73537dd26d9eda%1786433217.876",
        "pcre2/10.42#a0b25dffca18f5987304619e9c93fb44%1783075188.143",
        "pcl/1.14.1#888ad176a5912dc7223ad67321eeb88c%1778593562.903",
        "openssl/3.6.4#bc460bf37686ccae86a15bfdce71be11%1787920038.176",
        "openjpeg/2.5.2#6f7b733e151d1bbf5ed05cbabb846828%1709653017.024",
        "openexr/3.2.3#9729562cfe706ed8d5a9a7f398d09eab%1727884743.243",
        "opencv/4.10.0#4458605981a42d26f29ea75e7ad54a90%1741379415.335",
        "md4c/0.5.2#3d7106721e458f9f799b87d4d50d02e0%1746796758.933",
        "lz4/1.9.4#a2f02ad3908618757c68d3618256a196%1775037236.076",
        "libtiff/4.6.0#61cbca1281f1ac78681dbd3b0eaf2026%1783597166.079",
        "libpq/17.11#6161d3be84f5d2bd657dd778eed017c2%1788252336.346",
        "libpng/1.6.58#19cb72905ae54f54948401f753faa2c1%1776606503.628",
        "libjpeg/9e#41e2469373bb9d9a678c8aaf2af326f0%1780476340.043",
        "libiconv/1.17#9923bc6dc6f106646d6967e0039a5ada%1774021608.288",
        "libgettext/0.22#b09eea019e19b9b9c46d8f1da7d75444%1765809130.834",
        "libffi/3.4.8#a045c00fb26779635e3bed40e80c5254%1753360042.396",
        "libdeflate/1.19#3ea74a4549efc14d4b1202dc4bfbf602%1694914376.803",
        "imath/3.1.9#20f703aa156f46ddc326e668ed22ffb6%1775543418.628",
        "harfbuzz/12.3.0#a5fef061896cd5c30e9a17c9d7920ad1%1768584500.506",
        "glib/2.86.5#2886b0810a99a7d54b313db5d214f221%1783335578.429",
        "freetype/2.13.2#18656f7a6d52256a930f1cbd79f1509d%1756828316.696",
        "fmt/11.1.3#dfade9d4636fc62d33e15529e29f667e%1785754560.582",
        "eigen/3.4.0#a95b834c9459d8b8cb6dba6426ca0409%1782832372.36",
        "double-conversion/3.3.0#de1c45766e70b79dbd9bf744c7b2a89a%1785830926.29",
        "catch2/3.7.1#d828f12a91e21037c58d9f08ddb63b5d%1736250257.042",
        "bzip2/1.0.8#c470882369c2d95c5c77e970c0c7e321%1762886692.465",
        "brotli/1.1.0#3f631ef77008f7b5eb388780116371a3%1764862343.045",
        "boost/1.83.0#bc9060051b428f90c2df6065f03b34f8%1783338741.364"
    ],
    "build_requires": [
        "zlib/1.3.2#1cb806da49011867778ffb6ac7190fcb%1777558780.503",
        "winflexbison/2.5.25#c61164028f2b2a92ac8fe3e70d008a57%1772705002.618",
        "strawberryperl/5.32.1.1#8d114504d172cfea8ea1662d09b6333e%1751971032.423",
        "pkgconf/2.5.1#93c2051284cba1279494a43a4fcfeae2%1757684701.089",
        "pcre2/10.42#a0b25dffca18f5987304619e9c93fb44%1783075188.143",
        "ninja/1.13.2#c8c5dc2a52ed6e4e42a66d75b4717ceb%1764096931.974",
        "nasm/2.16.01#31e26f2ee3c4346ecd347911bd126904%1745483323.489",
        "msys2/cci.latest#d22fe7b2808f5fd34d0a7923ace9c54f%1770657326.649",
        "meson/1.10.2#9d2d10681fe7fe61c788c58626c89b25%1775558003.754",
        "m4/1.4.19#1727f439cf74e83826ec96d0b4904eee%1784541921.659",
        "libiconv/1.17#9923bc6dc6f106646d6967e0039a5ada%1774021608.288",
        "libgettext/0.22#b09eea019e19b9b9c46d8f1da7d75444%1765809130.834",
        "libffi/3.4.8#a045c00fb26779635e3bed40e80c5254%1753360042.396",
        "glib/2.86.5#2886b0810a99a7d54b313db5d214f221%1783335578.429",
        "cmake/4.4.3#c5b4d075979c7cb5d9649861acad0efe%1788855208.145",
        "cmake/3.31.12#173a926abc2b77f03c826b6fd6539426%1779785723.158",
        "bzip2/1.0.8#c470882369c2d95c5c77e970c0c7e321%1762886692.465",
        "b2/5.5.3#043a75bcbb090e3f81f7ac849850d0ca%1784261134.143",
        "automake/1.16.5#b91b7c384c3deaa9d535be02da14d04f%1755524470.56",
        "autoconf/2.71#51077f068e61700d65bb05541ea1e4b0%1731054366.86"
    ],
    "python_requires": [],
    "config_requires": []
}
