<?xml version="1.0" encoding="utf-8"?>
<Project ToolsVersion="4.0" xmlns="http://schemas.microsoft.com/developer/msbuild/2003">
  <ItemGroup>
    <Filter Include="源文件">
      <UniqueIdentifier>{4FC737F1-C7A5-4376-A066-2A32D752A2FF}</UniqueIdentifier>
      <Extensions>cpp;c;cc;cxx;c++;cppm;ixx;def;odl;idl;hpj;bat;asm;asmx</Extensions>
    </Filter>
    <Filter Include="头文件">
      <UniqueIdentifier>{93995380-89BD-4b04-88EB-625FBE52EBFB}</UniqueIdentifier>
      <Extensions>h;hh;hpp;hxx;h++;hm;inl;inc;ipp;xsd</Extensions>
    </Filter>
    <Filter Include="资源文件">
      <UniqueIdentifier>{67DA6AB6-F800-4c08-8B7A-83BB121AAD01}</UniqueIdentifier>
      <Extensions>rc;ico;cur;bmp;dlg;rc2;rct;bin;rgs;gif;jpg;jpeg;jpe;resx;tiff;tif;png;wav;mfcribbon-ms</Extensions>
    </Filter>
    <Filter Include="XLogger">
      <UniqueIdentifier>{468dd070-a4b1-4a17-9d2b-993ecd6b4e59}</UniqueIdentifier>
    </Filter>
    <Filter Include="core">
      <UniqueIdentifier>{b2cbf081-cb58-4ae4-8002-f7655060f744}</UniqueIdentifier>
    </Filter>
    <Filter Include="core\geometry">
      <UniqueIdentifier>{39da8555-1609-4648-bbfe-93a383b86432}</UniqueIdentifier>
    </Filter>
    <Filter Include="operators">
      <UniqueIdentifier>{c9ba9a32-592e-460e-bd1e-51c3b78537c1}</UniqueIdentifier>
    </Filter>
    <Filter Include="operators\preprocess">
      <UniqueIdentifier>{c70ae20f-eb9c-4e26-b5ad-6928c8d39ca0}</UniqueIdentifier>
    </Filter>
    <Filter Include="operators\feature">
      <UniqueIdentifier>{8b1dbd06-a9cd-4921-897b-00b1eb1d2908}</UniqueIdentifier>
    </Filter>
    <Filter Include="operators\geometry">
      <UniqueIdentifier>{5fe4c01f-1f9b-43ff-b601-8a12a6df3108}</UniqueIdentifier>
    </Filter>
    <Filter Include="operators\measure">
      <UniqueIdentifier>{18a30736-2d44-4722-86a9-05970697ed72}</UniqueIdentifier>
    </Filter>
  </ItemGroup>
  <ItemGroup>
    <ClInclude Include="resource.h">
      <Filter>头文件</Filter>
    </ClInclude>
    <ClInclude Include="Logger\XLogger.h">
      <Filter>XLogger</Filter>
    </ClInclude>
    <ClInclude Include="TaskControl.h">
      <Filter>头文件</Filter>
    </ClInclude>
    <ClInclude Include="TaskControl_C.h">
      <Filter>头文件</Filter>
    </ClInclude>
    <ClInclude Include="TaskControlAPI_global.h">
      <Filter>头文件</Filter>
    </ClInclude>
    <ClInclude Include="TaskControlImpl.h">
      <Filter>头文件</Filter>
    </ClInclude>
    <ClInclude Include="core\AlgorithmContext.h">
      <Filter>core</Filter>
    </ClInclude>
    <ClInclude Include="core\AlgorithmIO.h">
      <Filter>core</Filter>
    </ClInclude>
    <ClInclude Include="core\AlgorithmSDK.h">
      <Filter>core</Filter>
    </ClInclude>
    <ClInclude Include="core\AlgorithmTask.h">
      <Filter>core</Filter>
    </ClInclude>
    <ClInclude Include="core\ImageData.h">
      <Filter>core</Filter>
    </ClInclude>
    <ClInclude Include="core\IOperator.h">
      <Filter>core</Filter>
    </ClInclude>
    <ClInclude Include="core\IOperatorPlugin.h">
      <Filter>core</Filter>
    </ClInclude>
    <ClInclude Include="core\OperatorBase.h">
      <Filter>core</Filter>
    </ClInclude>
    <ClInclude Include="core\OperatorGraph.h">
      <Filter>core</Filter>
    </ClInclude>
    <ClInclude Include="core\OperatorRegistry.h">
      <Filter>core</Filter>
    </ClInclude>
    <ClInclude Include="core\PluginLoader.h">
      <Filter>core</Filter>
    </ClInclude>
    <ClInclude Include="core\PointCloud.h">
      <Filter>core</Filter>
    </ClInclude>
    <ClInclude Include="core\TaskflowExecutor.h">
      <Filter>core</Filter>
    </ClInclude>
    <ClInclude Include="core\geometry\Calibration.h">
      <Filter>core\geometry</Filter>
    </ClInclude>
    <ClInclude Include="core\geometry\Circle.h">
      <Filter>core\geometry</Filter>
    </ClInclude>
    <ClInclude Include="core\geometry\Geometry.h">
      <Filter>core\geometry</Filter>
    </ClInclude>
    <ClInclude Include="core\geometry\Line.h">
      <Filter>core\geometry</Filter>
    </ClInclude>
    <ClInclude Include="core\geometry\Plane.h">
      <Filter>core\geometry</Filter>
    </ClInclude>
    <ClInclude Include="core\geometry\Point.h">
      <Filter>core\geometry</Filter>
    </ClInclude>
    <ClInclude Include="core\geometry\Transform.h">
      <Filter>core\geometry</Filter>
    </ClInclude>
    <ClInclude Include="DataDefines.h">
      <Filter>头文件</Filter>
    </ClInclude>
    <ClInclude Include="operators\preprocess\GaussianBlurOperator.h">
      <Filter>operators\preprocess</Filter>
    </ClInclude>
    <ClInclude Include="operators\preprocess\UndistortOperator.h">
      <Filter>operators\preprocess</Filter>
    </ClInclude>
    <ClInclude Include="operators\preprocess\ROICropOperator.h">
      <Filter>operators\preprocess</Filter>
    </ClInclude>
    <ClInclude Include="operators\preprocess\PointCloudFilterOperator.h">
      <Filter>operators\preprocess</Filter>
    </ClInclude>
    <ClInclude Include="operators\feature\EdgeDetectOperator.h">
      <Filter>operators\feature</Filter>
    </ClInclude>
    <ClInclude Include="operators\feature\LineFitOperator.h">
      <Filter>operators\feature</Filter>
    </ClInclude>
    <ClInclude Include="operators\feature\CircleFitOperator.h">
      <Filter>operators\feature</Filter>
    </ClInclude>
    <ClInclude Include="operators\feature\PlaneFitOperator.h">
      <Filter>operators\feature</Filter>
    </ClInclude>
    <ClInclude Include="operators\geometry\CoordinateTransformOperator.h">
      <Filter>operators\geometry</Filter>
    </ClInclude>
    <ClInclude Include="operators\geometry\IntersectionOperator.h">
      <Filter>operators\geometry</Filter>
    </ClInclude>
    <ClInclude Include="operators\measure\DistanceOperator.h">
      <Filter>operators\measure</Filter>
    </ClInclude>
    <ClInclude Include="operators\measure\AngleOperator.h">
      <Filter>operators\measure</Filter>
    </ClInclude>
    <ClInclude Include="operators\measure\ToleranceOperator.h">
      <Filter>operators\measure</Filter>
    </ClInclude>
    <ClInclude Include="operators\measure\ResultJudgeOperator.h">
      <Filter>operators\measure</Filter>
    </ClInclude>
    <ClInclude Include="operators\RegisterBuiltinOperators.h">
      <Filter>operators</Filter>
    </ClInclude>
  </ItemGroup>
  <ItemGroup>
    <ResourceCompile Include="TaskControl.rc">
      <Filter>资源文件</Filter>
    </ResourceCompile>
  </ItemGroup>
  <ItemGroup>
    <ClCompile Include="Logger\XLogger.cpp">
      <Filter>XLogger</Filter>
    </ClCompile>
    <ClCompile Include="TaskControl.cpp">
      <Filter>源文件</Filter>
    </ClCompile>
    <ClCompile Include="TaskControl_C.cpp">
      <Filter>源文件</Filter>
    </ClCompile>
    <ClCompile Include="TaskControlImpl.cpp">
      <Filter>源文件</Filter>
    </ClCompile>
    <ClCompile Include="examples\Example_Usage.cpp">
      <Filter>源文件</Filter>
    </ClCompile>
    <ClCompile Include="operators\RegisterBuiltinOperators.cpp">
      <Filter>operators</Filter>
    </ClCompile>
  </ItemGroup>
</Project>